// !$*UTF8*$!
{
	archiveVersion = 1;
	classes = {
	};
	objectVersion = 46;
	objects = {

/* Begin PBXBuildFile section */
		E8EB303F1F4465D400B739E9 /* main.m in Sources */ = {isa = PBXBuildFile; fileRef = E8EB303E1F4465D400B739E9 /* main.m */; };
		E8EB30421F4465D400B739E9 /* AppDelegate.m in Sources */ = {isa = PBXBuildFile; fileRef = E8EB30411F4465D400B739E9 /* AppDelegate.m */; };
		E8EB30451F4465D400B739E9 /* ViewController.m in Sources */ = {isa = PBXBuildFile; fileRef = E8EB30441F4465D400B739E9 /* ViewController.m */; };
		E8EB30481F4465D400B739E9 /* Main.storyboard in Resources */ = {isa = PBXBuildFile; fileRef = E8EB30461F4465D400B739E9 /* Main.storyboard */; };
		E8EB304A1F4465D400B739E9 /* Assets.xcassets in Resources */ = {isa = PBXBuildFile; fileRef = E8EB30491F4465D400B739E9 /* Assets.xcassets */; };
		E8EB304D1F4465D400B739E9 /* LaunchScreen.storyboard in Resources */ = {isa = PBXBuildFile; fileRef = E8EB304B1F4465D400B739E9 /* LaunchScreen.storyboard */; };
		E8EB30581F44676900B739E9 /* monthsTableViewCell.m in Sources */ = {isa = PBXBuildFile; fileRef = E8EB30561F44676900B739E9 /* monthsTableViewCell.m */; };
		E8EB30591F44676900B739E9 /* monthsTableViewCell.xib in Resources */ = {isa = PBXBuildFile; fileRef = E8EB30571F44676900B739E9 /* monthsTableViewCell.xib */; };
		E8EB305D1F4467FF00B739E9 /* detailTableViewCell.m in Sources */ = {isa = PBXBuildFile; fileRef = E8EB305B1F4467FF00B739E9 /* detailTableViewCell.m */; };
		E8EB305E1F4467FF00B739E9 /* detailTableViewCell.xib in Resources */ = {isa = PBXBuildFile; fileRef = E8EB305C1F4467FF00B739E9 /* detailTableViewCell.xib */; };
/* End PBXBuildFile section */

/* Begin PBXFileReference section */
		E8EB303A1F4465D400B739E9 /* TwoTables.app */ = {isa = PBXFileReference; explicitFileType = wrapper.application; includeInIndex = 0; path = TwoTables.app; sourceTree = BUILT_PRODUCTS_DIR; };
		E8EB303E1F4465D400B739E9 /* main.m */ = {isa = PBXFileReference; lastKnownFileType = sourcecode.c.objc; path = main.m; sourceTree = "<group>"; };
		E8EB30401F4465D400B739E9 /* AppDelegate.h */ = {isa = PBXFileReference; lastKnownFileType = sourcecode.c.h; path = AppDelegate.h; sourceTree = "<group>"; };
		E8EB30411F4465D400B739E9 /* AppDelegate.m */ = {isa = PBXFileReference; lastKnownFileType = sourcecode.c.objc; path = AppDelegate.m; sourceTree = "<group>"; };
		E8EB30431F4465D400B739E9 /* ViewController.h */ = {isa = PBXFileReference; lastKnownFileType = sourcecode.c.h; path = ViewController.h; sourceTree = "<group>"; };
		E8EB30441F4465D400B739E9 /* ViewController.m */ = {isa = PBXFileReference; lastKnownFileType = sourcecode.c.objc; path = ViewController.m; sourceTree = "<group>"; };
		E8EB30471F4465D400B739E9 /* Base */ = {isa = PBXFileReference; lastKnownFileType = file.storyboard; name = Base; path = Base.lproj/Main.storyboard; sourceTree = "<group>"; };
		E8EB30491F4465D400B739E9 /* Assets.xcassets */ = {isa = PBXFileReference; lastKnownFileType = folder.assetcatalog; path = Assets.xcassets; sourceTree = "<group>"; };
		E8EB304C1F4465D400B739E9 /* Base */ = {isa = PBXFileReference; lastKnownFileType = file.storyboard; name = Base; path = Base.lproj/LaunchScreen.storyboard; sourceTree = "<group>"; };
		E8EB304E1F4465D400B739E9 /* Info.plist */ = {isa = PBXFileReference; lastKnownFileType = text.plist.xml; path = Info.plist; sourceTree = "<group>"; };
		E8EB30551F44676900B739E9 /* monthsTableViewCell.h */ = {isa = PBXFileReference; fileEncoding = 4; lastKnownFileType = sourcecode.c.h; path = monthsTableViewCell.h; sourceTree = "<group>"; };
		E8EB30561F44676900B739E9 /* monthsTableViewCell.m */ = {isa = PBXFileReference; fileEncoding = 4; lastKnownFileType = sourcecode.c.objc; path = monthsTableViewCell.m; sourceTree = "<group>"; };
		E8EB30571F44676900B739E9 /* monthsTableViewCell.xib */ = {isa = PBXFileReference; fileEncoding = 4; lastKnownFileType = file.xib; path = monthsTableViewCell.xib; sourceTree = "<group>"; };
		E8EB305A1F4467FF00B739E9 /* detailTableViewCell.h */ = {isa = PBXFileReference; fileEncoding = 4; lastKnownFileType = sourcecode.c.h; name = detailTableViewCell.h; path = View/detailTableViewCell.h; sourceTree = "<group>"; };
		E8EB305B1F4467FF00B739E9 /* detailTableViewCell.m */ = {isa = PBXFileReference; fileEncoding = 4; lastKnownFileType = sourcecode.c.objc; name = detailTableViewCell.m; path = View/detailTableViewCell.m; sourceTree = "<group>"; };
		E8EB305C1F4467FF00B739E9 /* detailTableViewCell.xib */ = {isa = PBXFileReference; fileEncoding = 4; lastKnownFileType = file.xib; name = detailTableViewCell.xib; path = View/detailTableViewCell.xib; sourceTree = "<group>"; };
/* End PBXFileReference section */

/* Begin PBXFrameworksBuildPhase section */
		E8EB30371F4465D400B739E9 /* Frameworks */ = {
			isa = PBXFrameworksBuildPhase;
			buildActionMask = 2147483647;
			files = (
			);
			runOnlyForDeploymentPostprocessing = 0;
		};
/* End PBXFrameworksBuildPhase section */

/* Begin PBXGroup section */
		E8EB30311F4465D400B739E9 = {
			isa = PBXGroup;
			children = (
				E8EB303C1F4465D400B739E9 /* TwoTables */,
				E8EB303B1F4465D400B739E9 /* Products */,
			);
			sourceTree = "<group>";
		};
		E8EB303B1F4465D400B739E9 /* Products */ = {
			isa = PBXGroup;
			children = (
				E8EB303A1F4465D400B739E9 /* TwoTables.app */,
			);
			name = Products;
			sourceTree = "<group>";
		};
		E8EB303C1F4465D400B739E9 /* TwoTables */ = {
			isa = PBXGroup;
			children = (
				E8EB30541F44674900B739E9 /* View */,
				E8EB30401F4465D400B739E9 /* AppDelegate.h */,
				E8EB30411F4465D400B739E9 /* AppDelegate.m */,
				E8EB30431F4465D400B739E9 /* ViewController.h */,
				E8EB30441F4465D400B739E9 /* ViewController.m */,
				E8EB30461F4465D400B739E9 /* Main.storyboard */,
				E8EB30491F4465D400B739E9 /* Assets.xcassets */,
				E8EB304B1F4465D400B739E9 /* LaunchScreen.storyboard */,
				E8EB304E1F4465D400B739E9 /* Info.plist */,
				E8EB303D1F4465D400B739E9 /* Supporting Files */,
			);
			path = TwoTables;
			sourceTree = "<group>";
		};
		E8EB303D1F4465D400B739E9 /* Supporting Files */ = {
			isa = PBXGroup;
			children = (
				E8EB303E1F4465D400B739E9 /* main.m */,
			);
			name = "Supporting Files";
			sourceTree = "<group>";
		};
		E8EB30541F44674900B739E9 /* View */ = {
			isa = PBXGroup;
			children = (
				E8EB30551F44676900B739E9 /* monthsTableViewCell.h */,
				E8EB30561F44676900B739E9 /* monthsTableViewCell.m */,
				E8EB30571F44676900B739E9 /* monthsTableViewCell.xib */,
				E8EB305A1F4467FF00B739E9 /* detailTableViewCell.h */,
				E8EB305B1F4467FF00B739E9 /* detailTableViewCell.m */,
				E8EB305C1F4467FF00B739E9 /* detailTableViewCell.xib */,
			);
			name = View;
			sourceTree = "<group>";
		};
/* End PBXGroup section */

/* Begin PBXNativeTarget section */
		E8EB30391F4465D400B739E9 /* TwoTables */ = {
			isa = PBXNativeTarget;
			buildConfigurationList = E8EB30511F4465D400B739E9 /* Build configuration list for PBXNativeTarget "TwoTables" */;
			buildPhases = (
				E8EB30361F4465D400B739E9 /* Sources */,
				E8EB30371F4465D400B739E9 /* Frameworks */,
				E8EB30381F4465D400B739E9 /* Resources */,
			);
			buildRules = (
			);
			dependencies = (
			);
			name = TwoTables;
			productName = TwoTables;
			productReference = E8EB303A1F4465D400B739E9 /* TwoTables.app */;
			productType = "com.apple.product-type.application";
		};
/* End PBXNativeTarget section */

/* Begin PBXProject section */
		E8EB30321F4465D400B739E9 /* Project object */ = {
			isa = PBXProject;
			attributes = {
				LastUpgradeCheck = 0830;
				ORGANIZATIONNAME = "Blaze Automation";
				TargetAttributes = {
					E8EB30391F4465D400B739E9 = {
						CreatedOnToolsVersion = 8.3.1;
						DevelopmentTeam = 59QLNNM3W6;
						ProvisioningStyle = Manual;
					};
				};
			};
			buildConfigurationList = E8EB30351F4465D400B739E9 /* Build configuration list for PBXProject "TwoTables" */;
			compatibilityVersion = "Xcode 3.2";
			developmentRegion = English;
			hasScannedForEncodings = 0;
			knownRegions = (
				en,
				Base,
			);
			mainGroup = E8EB30311F4465D400B739E9;
			productRefGroup = E8EB303B1F4465D400B739E9 /* Products */;
			projectDirPath = "";
			projectRoot = "";
			targets = (
				E8EB30391F4465D400B739E9 /* TwoTables */,
			);
		};
/* End PBXProject section */

/* Begin PBXResourcesBuildPhase section */
		E8EB30381F4465D400B739E9 /* Resources */ = {
			isa = PBXResourcesBuildPhase;
			buildActionMask = 2147483647;
			files = (
				E8EB30591F44676900B739E9 /* monthsTableViewCell.xib in Resources */,
				E8EB304D1F4465D400B739E9 /* LaunchScreen.storyboard in Resources */,
				E8EB304A1F4465D400B739E9 /* Assets.xcassets in Resources */,
				E8EB30481F4465D400B739E9 /* Main.storyboard in Resources */,
				E8EB305E1F4467FF00B739E9 /* detailTableViewCell.xib in Resources */,
			);
			runOnlyForDeploymentPostprocessing = 0;
		};
/* End PBXResourcesBuildPhase section */

/* Begin PBXSourcesBuildPhase section */
		E8EB30361F4465D400B739E9 /* Sources */ = {
			isa = PBXSourcesBuildPhase;
			buildActionMask = 2147483647;
			files = (
				E8EB30581F44676900B739E9 /* monthsTableViewCell.m in Sources */,
				E8EB30451F4465D400B739E9 /* ViewController.m in Sources */,
				E8EB30421F4465D400B739E9 /* AppDelegate.m in Sources */,
				E8EB305D1F4467FF00B739E9 /* detailTableViewCell.m in Sources */,
				E8EB303F1F4465D400B739E9 /* main.m in Sources */,
			);
			runOnlyForDeploymentPostprocessing = 0;
		};
/* End PBXSourcesBuildPhase section */

/* Begin PBXVariantGroup section */
		E8EB30461F4465D400B739E9 /* Main.storyboard */ = {
			isa = PBXVariantGroup;
			children = (
				E8EB30471F4465D400B739E9 /* Base */,
			);
			name = Main.storyboard;
			sourceTree = "<group>";
		};
		E8EB304B1F4465D400B739E9 /* LaunchScreen.storyboard */ = {
			isa = PBXVariantGroup;
			children = (
				E8EB304C1F4465D400B739E9 /* Base */,
			);
			name = LaunchScreen.storyboard;
			sourceTree = "<group>";
		};
/* End PBXVariantGroup section */

/* Begin XCBuildConfiguration section */
		E8EB304F1F4465D400B739E9 /* Debug */ = {
			isa = XCBuildConfiguration;
			buildSettings = {
				ALWAYS_SEARCH_USER_PATHS = NO;
				CLANG_ANALYZER_NONNULL = YES;
				CLANG_ANALYZER_NUMBER_OBJECT_CONVERSION = YES_AGGRESSIVE;
				CLANG_CXX_LANGUAGE_STANDARD = "gnu++0x";
				CLANG_CXX_LIBRARY = "libc++";
				CLANG_ENABLE_MODULES = YES;
				CLANG_ENABLE_OBJC_ARC = YES;
				CLANG_WARN_BOOL_CONVERSION = YES;
				CLANG_WARN_CONSTANT_CONVERSION = YES;
				CLANG_WARN_DIRECT_OBJC_ISA_USAGE = YES_ERROR;
				CLANG_WARN_DOCUMENTATION_COMMENTS = YES;
				CLANG_WARN_EMPTY_BODY = YES;
				CLANG_WARN_ENUM_CONVERSION = YES;
				CLANG_WARN_INFINITE_RECURSION = YES;
				CLANG_WARN_INT_CONVERSION = YES;
				CLANG_WARN_OBJC_ROOT_CLASS = YES_ERROR;
				CLANG_WARN_SUSPICIOUS_MOVE = YES;
				CLANG_WARN_UNREACHABLE_CODE = YES;
				CLANG_WARN__DUPLICATE_METHOD_MATCH = YES;
				"CODE_SIGN_IDENTITY[sdk=iphoneos*]" = "iPhone Developer";
				COPY_PHASE_STRIP = NO;
				DEBUG_INFORMATION_FORMAT = dwarf;
				ENABLE_STRICT_OBJC_MSGSEND = YES;
				ENABLE_TESTABILITY = YES;
				GCC_C_LANGUAGE_STANDARD = gnu99;
				GCC_DYNAMIC_NO_PIC = NO;
				GCC_NO_COMMON_BLOCKS = YES;
				GCC_OPTIMIZATION_LEVEL = 0;
				GCC_PREPROCESSOR_DEFINITIONS = (
					"DEBUG=1",
					"$(inherited)",
				);
				GCC_WARN_64_TO_32_BIT_CONVERSION = YES;
				GCC_WARN_ABOUT_RETURN_TYPE = YES_ERROR;
				GCC_WARN_UNDECLARED_SELECTOR = YES;
				GCC_WARN_UNINITIALIZED_AUTOS = YES_AGGRESSIVE;
				GCC_WARN_UNUSED_FUNCTION = YES;
				GCC_WARN_UNUSED_VARIABLE = YES;
				IPHONEOS_DEPLOYMENT_TARGET = 10.3;
				MTL_ENABLE_DEBUG_INFO = YES;
				ONLY_ACTIVE_ARCH = YES;
				SDKROOT = iphoneos;
				TARGETED_DEVICE_FAMILY = "1,2";
			};
			name = Debug;
		};
		E8EB30501F4465D400B739E9 /* Release */ = {
			isa = XCBuildConfiguration;
			buildSettings = {
				ALWAYS_SEARCH_USER_PATHS = NO;
				CLANG_ANALYZER_NONNULL = YES;
				CLANG_ANALYZER_NUMBER_OBJECT_CONVERSION = YES_AGGRESSIVE;
				CLANG_CXX_LANGUAGE_STANDARD = "gnu++0x";
				CLANG_CXX_LIBRARY = "libc++";
				CLANG_ENABLE_MODULES = YES;
				CLANG_ENABLE_OBJC_ARC = YES;
				CLANG_WARN_BOOL_CONVERSION = YES;
				CLANG_WARN_CONSTANT_CONVERSION = YES;
				CLANG_WARN_DIRECT_OBJC_ISA_USAGE = YES_ERROR;
				CLANG_WARN_DOCUMENTATION_COMMENTS = YES;
				CLANG_WARN_EMPTY_BODY = YES;
				CLANG_WARN_ENUM_CONVERSION = YES;
				CLANG_WARN_INFINITE_RECURSION = YES;
				CLANG_WARN_INT_CONVERSION = YES;
				CLANG_WARN_OBJC_ROOT_CLASS = YES_ERROR;
				CLANG_WARN_SUSPICIOUS_MOVE = YES;
				CLANG_WARN_UNREACHABLE_CODE = YES;
				CLANG_WARN__DUPLICATE_METHOD_MATCH = YES;
				"CODE_SIGN_IDENTITY[sdk=iphoneos*]" = "iPhone Developer";
				COPY_PHASE_STRIP = NO;
				DEBUG_INFORMATION_FORMAT = "dwarf-with-dsym";
				ENABLE_NS_ASSERTIONS = NO;
				ENABLE_STRICT_OBJC_MSGSEND = YES;
				GCC_C_LANGUAGE_STANDARD = gnu99;
				GCC_NO_COMMON_BLOCKS = YES;
				GCC_WARN_64_TO_32_BIT_CONVERSION = YES;
				GCC_WARN_ABOUT_RETURN_TYPE = YES_ERROR;
				GCC_WARN_UNDECLARED_SELECTOR = YES;
				GCC_WARN_UNINITIALIZED_AUTOS = YES_AGGRESSIVE;
				GCC_WARN_UNUSED_FUNCTION = YES;
				GCC_WARN_UNUSED_VARIABLE = YES;
				IPHONEOS_DEPLOYMENT_TARGET = 10.3;
				MTL_ENABLE_DEBUG_INFO = NO;
				SDKROOT = iphoneos;
				TARGETED_DEVICE_FAMILY = "1,2";
				VALIDATE_PRODUCT = YES;
			};
			name = Release;
		};
		E8EB30521F4465D400B739E9 /* Debug */ = {
			isa = XCBuildConfiguration;
			buildSettings = {
				ASSETCATALOG_COMPILER_APPICON_NAME = AppIcon;
				DEVELOPMENT_TEAM = 59QLNNM3W6;
				INFOPLIST_FILE = TwoTables/Info.plist;
				IPHONEOS_DEPLOYMENT_TARGET = 9.1;
				LD_RUNPATH_SEARCH_PATHS = "$(inherited) @executable_path/Frameworks";
				PRODUCT_BUNDLE_IDENTIFIER = com.BlazeAutomation.TwoTables;
				PRODUCT_NAME = "$(TARGET_NAME)";
				PROVISIONING_PROFILE = "19b0c656-4efb-46d0-ac11-9386bf5aa038";
				PROVISIONING_PROFILE_SPECIFIER = WildCardDevelopmentProvisioningProfile;
			};
			name = Debug;
		};
		E8EB30531F4465D400B739E9 /* Release */ = {
			isa = XCBuildConfiguration;
			buildSettings = {
				ASSETCATALOG_COMPILER_APPICON_NAME = AppIcon;
				"CODE_SIGN_IDENTITY[sdk=iphoneos*]" = "iPhone Distribution";
				DEVELOPMENT_TEAM = 59QLNNM3W6;
				INFOPLIST_FILE = TwoTables/Info.plist;
				IPHONEOS_DEPLOYMENT_TARGET = 9.1;
				LD_RUNPATH_SEARCH_PATHS = "$(inherited) @executable_path/Frameworks";
				PRODUCT_BUNDLE_IDENTIFIER = com.BlazeAutomation.TwoTables;
				PRODUCT_NAME = "$(TARGET_NAME)";
				PROVISIONING_PROFILE = "8d191874-769e-4fc5-876d-45d50bcc7e04";
				PROVISIONING_PROFILE_SPECIFIER = "WildCard DistributionProfile";
			};
			name = Release;
		};
/* End XCBuildConfiguration section */

/* Begin XCConfigurationList section */
		E8EB30351F4465D400B739E9 /* Build configuration list for PBXProject "TwoTables" */ = {
			isa = XCConfigurationList;
			buildConfigurations = (
				E8EB304F1F4465D400B739E9 /* Debug */,
				E8EB30501F4465D400B739E9 /* Release */,
			);
			defaultConfigurationIsVisible = 0;
			defaultConfigurationName = Release;
		};
		E8EB30511F4465D400B739E9 /* Build configuration list for PBXNativeTarget "TwoTables" */ = {
			isa = XCConfigurationList;
			buildConfigurations = (
				E8EB30521F4465D400B739E9 /* Debug */,
				E8EB30531F4465D400B739E9 /* Release */,
			);
			defaultConfigurationIsVisible = 0;
		};
/* End XCConfigurationList section */
	};
	rootObject = E8EB30321F4465D400B739E9 /* Project object */;
}
